
Microsoft Visual Studio Solution File, Format Version 12.00
# Visual Studio 15
VisualStudioVersion = 15.0.28010.2050
MinimumVisualStudioVersion = 10.0.40219.1
Project("{888888A0-9F3D-457C-B088-3A5042F75D52}") = "tensorflow-tic-tac-toe1", "tensorflow-tic-tac-toe1.pyproj", "{83D70EA2-D4BD-4767-AF32-907010B640C8}"
EndProject
Global
	GlobalSection(SolutionConfigurationPlatforms) = preSolution
		Debug|Any CPU = Debug|Any CPU
		Release|Any CPU = Release|Any CPU
	EndGlobalSection
	GlobalSection(ProjectConfigurationPlatforms) = postSolution
		{83D70EA2-D4BD-4767-AF32-907010B640C8}.Debug|Any CPU.ActiveCfg = Debug|Any CPU
		{83D70EA2-D4BD-4767-AF32-907010B640C8}.Release|Any CPU.ActiveCfg = Release|Any CPU
	EndGlobalSection
	GlobalSection(SolutionProperties) = preSolution
		HideSolutionNode = FALSE
	EndGlobalSection
	GlobalSection(ExtensibilityGlobals) = postSolution
		SolutionGuid = {F72A3168-5C68-4958-9520-72172CD0E83B}
	EndGlobalSection
EndGlobal
